{
  "pins" : [
    {
      "identity" : "swift-snapshot-testing",
      "kind" : "remoteSourceControl",
      "location" : "https://github.com/pointfreeco/swift-snapshot-testing",
      "state" : {
        "revision" : "26ed3a2b4a2df47917ca9b790a57f91285b923fb",
        "version" : "1.12.0"
      }
    },
    {
      "identity" : "znstextattachment",
      "kind" : "remoteSourceControl",
      "location" : "https://github.com/BudhirajaRajesh/ZNSTextAttachment",
      "state" : {
        "branch" : "release",
        "revision" : "5cbc12dfb3603ff613de51040c42c5a5adfc16dc"
      }
    }
  ],
  "version" : 2
}
