{
  "pins" : [
    {
      "identity" : "swift-snapshot-testing",
      "kind" : "remoteSourceControl",
      "location" : "https://github.com/pointfreeco/swift-snapshot-testing",
      "state" : {
        "revision" : "26ed3a2b4a2df47917ca9b790a57f91285b923fb",
        "version" : "1.12.0"
      }
    },
    {
      "identity" : "znstextattachment",
      "kind" : "remoteSourceControl",
      "location" : "https://github.com/BudhirajaRajesh/ZNSTextAttachment",
      "state" : {
        "revision" : "7ab2269e52e8ba7005e53ba9f3cb970519b2852c",
        "version" : "2.0.1"
      }
    }
  ],
  "version" : 2
}
